
Microsoft Visual Studio Solution File, Format Version 12.00
# Visual Studio Version 17
VisualStudioVersion = 17.10.35027.167
MinimumVisualStudioVersion = 10.0.40219.1
Project("{FAE04EC0-301F-11D3-BF4B-00C04F79EFBC}") = "to-do-list", "to-do-list\to-do-list.csproj", "{958E74A5-67B4-48D9-BD3C-150B3BBFD4EE}"
EndProject
Global
	GlobalSection(SolutionConfigurationPlatforms) = preSolution
		Debug|Any CPU = Debug|Any CPU
		Release|Any CPU = Release|Any CPU
	EndGlobalSection
	GlobalSection(ProjectConfigurationPlatforms) = postSolution
		{958E74A5-67B4-48D9-BD3C-150B3BBFD4EE}.Debug|Any CPU.ActiveCfg = Debug|Any CPU
		{958E74A5-67B4-48D9-BD3C-150B3BBFD4EE}.Debug|Any CPU.Build.0 = Debug|Any CPU
		{958E74A5-67B4-48D9-BD3C-150B3BBFD4EE}.Release|Any CPU.ActiveCfg = Release|Any CPU
		{958E74A5-67B4-48D9-BD3C-150B3BBFD4EE}.Release|Any CPU.Build.0 = Release|Any CPU
	EndGlobalSection
	GlobalSection(SolutionProperties) = preSolution
		HideSolutionNode = FALSE
	EndGlobalSection
	GlobalSection(ExtensibilityGlobals) = postSolution
		SolutionGuid = {4BDD55AF-124D-4F74-A63A-E313CE37E727}
	EndGlobalSection
EndGlobal
